
Microsoft Visual Studio Solution File, Format Version 12.00
# Visual Studio Version 17
VisualStudioVersion = 17.8.0.0
MinimumVisualStudioVersion = 17.8.0.0
Project("{9A19103F-16F7-4668-BE54-9A1E7A4F7556}") = "GameDay.AppHost", "GameDay.AppHost\GameDay.AppHost.csproj", "{5EFA458A-3910-4918-B0E4-088BB2FF6EEA}"
EndProject
Project("{9A19103F-16F7-4668-BE54-9A1E7A4F7556}") = "GameDay.ServiceDefaults", "GameDay.ServiceDefaults\GameDay.ServiceDefaults.csproj", "{83EBD5DF-C445-4DBB-8FD2-772B94787F7B}"
EndProject
Project("{9A19103F-16F7-4668-BE54-9A1E7A4F7556}") = "GameDay.ApiService", "GameDay.ApiService\GameDay.ApiService.csproj", "{A5B2AF07-30B9-4659-8D80-7488C96E084F}"
EndProject
Project("{9A19103F-16F7-4668-BE54-9A1E7A4F7556}") = "GameDay.Web", "GameDay.Web\GameDay.Web.csproj", "{1A4D6ADF-13D8-427C-B483-3ED5DA215AC4}"
EndProject
Project("{FAE04EC0-301F-11D3-BF4B-00C04F79EFBC}") = "GameDay.Core", "GameDay.Core\GameDay.Core.csproj", "{4ECC66FE-1DC4-4E8F-9389-96CAD742974A}"
EndProject
Project("{FAE04EC0-301F-11D3-BF4B-00C04F79EFBC}") = "GameDay.Infrastructure", "GameDay.Infrastructure\GameDay.Infrastructure.csproj", "{3385C671-EE03-4A2A-965C-99B80FDFFD0B}"
EndProject
Project("{FAE04EC0-301F-11D3-BF4B-00C04F79EFBC}") = "GameDay.Plugins", "GameDay.Plugins\GameDay.Plugins.csproj", "{E071B220-0F99-4FFC-9C0F-2C265B53F16D}"
EndProject
Project("{FAE04EC0-301F-11D3-BF4B-00C04F79EFBC}") = "GameDay.Shared", "GameDay.Shared\GameDay.Shared.csproj", "{C136F6F9-D928-4107-A979-1D36497818D1}"
EndProject
Global
	GlobalSection(SolutionConfigurationPlatforms) = preSolution
		Debug|Any CPU = Debug|Any CPU
		Debug|x64 = Debug|x64
		Debug|x86 = Debug|x86
		Release|Any CPU = Release|Any CPU
		Release|x64 = Release|x64
		Release|x86 = Release|x86
	EndGlobalSection
	GlobalSection(ProjectConfigurationPlatforms) = postSolution
		{5EFA458A-3910-4918-B0E4-088BB2FF6EEA}.Debug|Any CPU.ActiveCfg = Debug|Any CPU
		{5EFA458A-3910-4918-B0E4-088BB2FF6EEA}.Debug|Any CPU.Build.0 = Debug|Any CPU
		{5EFA458A-3910-4918-B0E4-088BB2FF6EEA}.Debug|x64.ActiveCfg = Debug|Any CPU
		{5EFA458A-3910-4918-B0E4-088BB2FF6EEA}.Debug|x64.Build.0 = Debug|Any CPU
		{5EFA458A-3910-4918-B0E4-088BB2FF6EEA}.Debug|x86.ActiveCfg = Debug|Any CPU
		{5EFA458A-3910-4918-B0E4-088BB2FF6EEA}.Debug|x86.Build.0 = Debug|Any CPU
		{5EFA458A-3910-4918-B0E4-088BB2FF6EEA}.Release|Any CPU.ActiveCfg = Release|Any CPU
		{5EFA458A-3910-4918-B0E4-088BB2FF6EEA}.Release|Any CPU.Build.0 = Release|Any CPU
		{5EFA458A-3910-4918-B0E4-088BB2FF6EEA}.Release|x64.ActiveCfg = Release|Any CPU
		{5EFA458A-3910-4918-B0E4-088BB2FF6EEA}.Release|x64.Build.0 = Release|Any CPU
		{5EFA458A-3910-4918-B0E4-088BB2FF6EEA}.Release|x86.ActiveCfg = Release|Any CPU
		{5EFA458A-3910-4918-B0E4-088BB2FF6EEA}.Release|x86.Build.0 = Release|Any CPU
		{83EBD5DF-C445-4DBB-8FD2-772B94787F7B}.Debug|Any CPU.ActiveCfg = Debug|Any CPU
		{83EBD5DF-C445-4DBB-8FD2-772B94787F7B}.Debug|Any CPU.Build.0 = Debug|Any CPU
		{83EBD5DF-C445-4DBB-8FD2-772B94787F7B}.Debug|x64.ActiveCfg = Debug|Any CPU
		{83EBD5DF-C445-4DBB-8FD2-772B94787F7B}.Debug|x64.Build.0 = Debug|Any CPU
		{83EBD5DF-C445-4DBB-8FD2-772B94787F7B}.Debug|x86.ActiveCfg = Debug|Any CPU
		{83EBD5DF-C445-4DBB-8FD2-772B94787F7B}.Debug|x86.Build.0 = Debug|Any CPU
		{83EBD5DF-C445-4DBB-8FD2-772B94787F7B}.Release|Any CPU.ActiveCfg = Release|Any CPU
		{83EBD5DF-C445-4DBB-8FD2-772B94787F7B}.Release|Any CPU.Build.0 = Release|Any CPU
		{83EBD5DF-C445-4DBB-8FD2-772B94787F7B}.Release|x64.ActiveCfg = Release|Any CPU
		{83EBD5DF-C445-4DBB-8FD2-772B94787F7B}.Release|x64.Build.0 = Release|Any CPU
		{83EBD5DF-C445-4DBB-8FD2-772B94787F7B}.Release|x86.ActiveCfg = Release|Any CPU
		{83EBD5DF-C445-4DBB-8FD2-772B94787F7B}.Release|x86.Build.0 = Release|Any CPU
		{A5B2AF07-30B9-4659-8D80-7488C96E084F}.Debug|Any CPU.ActiveCfg = Debug|Any CPU
		{A5B2AF07-30B9-4659-8D80-7488C96E084F}.Debug|Any CPU.Build.0 = Debug|Any CPU
		{A5B2AF07-30B9-4659-8D80-7488C96E084F}.Debug|x64.ActiveCfg = Debug|Any CPU
		{A5B2AF07-30B9-4659-8D80-7488C96E084F}.Debug|x64.Build.0 = Debug|Any CPU
		{A5B2AF07-30B9-4659-8D80-7488C96E084F}.Debug|x86.ActiveCfg = Debug|Any CPU
		{A5B2AF07-30B9-4659-8D80-7488C96E084F}.Debug|x86.Build.0 = Debug|Any CPU
		{A5B2AF07-30B9-4659-8D80-7488C96E084F}.Release|Any CPU.ActiveCfg = Release|Any CPU
		{A5B2AF07-30B9-4659-8D80-7488C96E084F}.Release|Any CPU.Build.0 = Release|Any CPU
		{A5B2AF07-30B9-4659-8D80-7488C96E084F}.Release|x64.ActiveCfg = Release|Any CPU
		{A5B2AF07-30B9-4659-8D80-7488C96E084F}.Release|x64.Build.0 = Release|Any CPU
		{A5B2AF07-30B9-4659-8D80-7488C96E084F}.Release|x86.ActiveCfg = Release|Any CPU
		{A5B2AF07-30B9-4659-8D80-7488C96E084F}.Release|x86.Build.0 = Release|Any CPU
		{1A4D6ADF-13D8-427C-B483-3ED5DA215AC4}.Debug|Any CPU.ActiveCfg = Debug|Any CPU
		{1A4D6ADF-13D8-427C-B483-3ED5DA215AC4}.Debug|Any CPU.Build.0 = Debug|Any CPU
		{1A4D6ADF-13D8-427C-B483-3ED5DA215AC4}.Debug|x64.ActiveCfg = Debug|Any CPU
		{1A4D6ADF-13D8-427C-B483-3ED5DA215AC4}.Debug|x64.Build.0 = Debug|Any CPU
		{1A4D6ADF-13D8-427C-B483-3ED5DA215AC4}.Debug|x86.ActiveCfg = Debug|Any CPU
		{1A4D6ADF-13D8-427C-B483-3ED5DA215AC4}.Debug|x86.Build.0 = Debug|Any CPU
		{1A4D6ADF-13D8-427C-B483-3ED5DA215AC4}.Release|Any CPU.ActiveCfg = Release|Any CPU
		{1A4D6ADF-13D8-427C-B483-3ED5DA215AC4}.Release|Any CPU.Build.0 = Release|Any CPU
		{1A4D6ADF-13D8-427C-B483-3ED5DA215AC4}.Release|x64.ActiveCfg = Release|Any CPU
		{1A4D6ADF-13D8-427C-B483-3ED5DA215AC4}.Release|x64.Build.0 = Release|Any CPU
		{1A4D6ADF-13D8-427C-B483-3ED5DA215AC4}.Release|x86.ActiveCfg = Release|Any CPU
		{1A4D6ADF-13D8-427C-B483-3ED5DA215AC4}.Release|x86.Build.0 = Release|Any CPU
		{4ECC66FE-1DC4-4E8F-9389-96CAD742974A}.Debug|Any CPU.ActiveCfg = Debug|Any CPU
		{4ECC66FE-1DC4-4E8F-9389-96CAD742974A}.Debug|Any CPU.Build.0 = Debug|Any CPU
		{4ECC66FE-1DC4-4E8F-9389-96CAD742974A}.Debug|x64.ActiveCfg = Debug|Any CPU
		{4ECC66FE-1DC4-4E8F-9389-96CAD742974A}.Debug|x64.Build.0 = Debug|Any CPU
		{4ECC66FE-1DC4-4E8F-9389-96CAD742974A}.Debug|x86.ActiveCfg = Debug|Any CPU
		{4ECC66FE-1DC4-4E8F-9389-96CAD742974A}.Debug|x86.Build.0 = Debug|Any CPU
		{4ECC66FE-1DC4-4E8F-9389-96CAD742974A}.Release|Any CPU.ActiveCfg = Release|Any CPU
		{4ECC66FE-1DC4-4E8F-9389-96CAD742974A}.Release|Any CPU.Build.0 = Release|Any CPU
		{4ECC66FE-1DC4-4E8F-9389-96CAD742974A}.Release|x64.ActiveCfg = Release|Any CPU
		{4ECC66FE-1DC4-4E8F-9389-96CAD742974A}.Release|x64.Build.0 = Release|Any CPU
		{4ECC66FE-1DC4-4E8F-9389-96CAD742974A}.Release|x86.ActiveCfg = Release|Any CPU
		{4ECC66FE-1DC4-4E8F-9389-96CAD742974A}.Release|x86.Build.0 = Release|Any CPU
		{3385C671-EE03-4A2A-965C-99B80FDFFD0B}.Debug|Any CPU.ActiveCfg = Debug|Any CPU
		{3385C671-EE03-4A2A-965C-99B80FDFFD0B}.Debug|Any CPU.Build.0 = Debug|Any CPU
		{3385C671-EE03-4A2A-965C-99B80FDFFD0B}.Debug|x64.ActiveCfg = Debug|Any CPU
		{3385C671-EE03-4A2A-965C-99B80FDFFD0B}.Debug|x64.Build.0 = Debug|Any CPU
		{3385C671-EE03-4A2A-965C-99B80FDFFD0B}.Debug|x86.ActiveCfg = Debug|Any CPU
		{3385C671-EE03-4A2A-965C-99B80FDFFD0B}.Debug|x86.Build.0 = Debug|Any CPU
		{3385C671-EE03-4A2A-965C-99B80FDFFD0B}.Release|Any CPU.ActiveCfg = Release|Any CPU
		{3385C671-EE03-4A2A-965C-99B80FDFFD0B}.Release|Any CPU.Build.0 = Release|Any CPU
		{3385C671-EE03-4A2A-965C-99B80FDFFD0B}.Release|x64.ActiveCfg = Release|Any CPU
		{3385C671-EE03-4A2A-965C-99B80FDFFD0B}.Release|x64.Build.0 = Release|Any CPU
		{3385C671-EE03-4A2A-965C-99B80FDFFD0B}.Release|x86.ActiveCfg = Release|Any CPU
		{3385C671-EE03-4A2A-965C-99B80FDFFD0B}.Release|x86.Build.0 = Release|Any CPU
		{E071B220-0F99-4FFC-9C0F-2C265B53F16D}.Debug|Any CPU.ActiveCfg = Debug|Any CPU
		{E071B220-0F99-4FFC-9C0F-2C265B53F16D}.Debug|Any CPU.Build.0 = Debug|Any CPU
		{E071B220-0F99-4FFC-9C0F-2C265B53F16D}.Debug|x64.ActiveCfg = Debug|Any CPU
		{E071B220-0F99-4FFC-9C0F-2C265B53F16D}.Debug|x64.Build.0 = Debug|Any CPU
		{E071B220-0F99-4FFC-9C0F-2C265B53F16D}.Debug|x86.ActiveCfg = Debug|Any CPU
		{E071B220-0F99-4FFC-9C0F-2C265B53F16D}.Debug|x86.Build.0 = Debug|Any CPU
		{E071B220-0F99-4FFC-9C0F-2C265B53F16D}.Release|Any CPU.ActiveCfg = Release|Any CPU
		{E071B220-0F99-4FFC-9C0F-2C265B53F16D}.Release|Any CPU.Build.0 = Release|Any CPU
		{E071B220-0F99-4FFC-9C0F-2C265B53F16D}.Release|x64.ActiveCfg = Release|Any CPU
		{E071B220-0F99-4FFC-9C0F-2C265B53F16D}.Release|x64.Build.0 = Release|Any CPU
		{E071B220-0F99-4FFC-9C0F-2C265B53F16D}.Release|x86.ActiveCfg = Release|Any CPU
		{E071B220-0F99-4FFC-9C0F-2C265B53F16D}.Release|x86.Build.0 = Release|Any CPU
		{C136F6F9-D928-4107-A979-1D36497818D1}.Debug|Any CPU.ActiveCfg = Debug|Any CPU
		{C136F6F9-D928-4107-A979-1D36497818D1}.Debug|Any CPU.Build.0 = Debug|Any CPU
		{C136F6F9-D928-4107-A979-1D36497818D1}.Debug|x64.ActiveCfg = Debug|Any CPU
		{C136F6F9-D928-4107-A979-1D36497818D1}.Debug|x64.Build.0 = Debug|Any CPU
		{C136F6F9-D928-4107-A979-1D36497818D1}.Debug|x86.ActiveCfg = Debug|Any CPU
		{C136F6F9-D928-4107-A979-1D36497818D1}.Debug|x86.Build.0 = Debug|Any CPU
		{C136F6F9-D928-4107-A979-1D36497818D1}.Release|Any CPU.ActiveCfg = Release|Any CPU
		{C136F6F9-D928-4107-A979-1D36497818D1}.Release|Any CPU.Build.0 = Release|Any CPU
		{C136F6F9-D928-4107-A979-1D36497818D1}.Release|x64.ActiveCfg = Release|Any CPU
		{C136F6F9-D928-4107-A979-1D36497818D1}.Release|x64.Build.0 = Release|Any CPU
		{C136F6F9-D928-4107-A979-1D36497818D1}.Release|x86.ActiveCfg = Release|Any CPU
		{C136F6F9-D928-4107-A979-1D36497818D1}.Release|x86.Build.0 = Release|Any CPU
	EndGlobalSection
	GlobalSection(SolutionProperties) = preSolution
		HideSolutionNode = FALSE
	EndGlobalSection
	GlobalSection(ExtensibilityGlobals) = postSolution
		SolutionGuid = {777877A3-518A-409E-A0FA-36B2B2FA15A7}
	EndGlobalSection
EndGlobal
